// !$*UTF8*$!
{
	archiveVersion = 1;
	classes = {
	};
	objectVersion = 46;
	objects = {

/* Begin PBXBuildFile section */
		3E42688F1DA3B38A0018B76E /* image_1@4x.png in Resources */ = {isa = PBXBuildFile; fileRef = 3E4268831DA3B38A0018B76E /* image_1@4x.png */; };
		3E4268901DA3B38A0018B76E /* image_2@3x.png in Resources */ = {isa = PBXBuildFile; fileRef = 3E4268841DA3B38A0018B76E /* image_2@3x.png */; };
		3E4268911DA3B38A0018B76E /* image_2@4x.png in Resources */ = {isa = PBXBuildFile; fileRef = 3E4268851DA3B38A0018B76E /* image_2@4x.png */; };
		3E4268921DA3B38A0018B76E /* image_1@3x.png in Resources */ = {isa = PBXBuildFile; fileRef = 3E4268861DA3B38A0018B76E /* image_1@3x.png */; };
		3E4268931DA3B38A0018B76E /* image_2@2x.png in Resources */ = {isa = PBXBuildFile; fileRef = 3E4268871DA3B38A0018B76E /* image_2@2x.png */; };
		3E4268941DA3B38A0018B76E /* image_1@2x.png in Resources */ = {isa = PBXBuildFile; fileRef = 3E4268881DA3B38A0018B76E /* image_1@2x.png */; };
		3E4268951DA3B38A0018B76E /* image_2@1x.png in Resources */ = {isa = PBXBuildFile; fileRef = 3E4268891DA3B38A0018B76E /* image_2@1x.png */; };
		3E4268961DA3B38A0018B76E /* car@4x.png in Resources */ = {isa = PBXBuildFile; fileRef = 3E42688A1DA3B38A0018B76E /* car@4x.png */; };
		3E4268971DA3B38A0018B76E /* image_1@1x.png in Resources */ = {isa = PBXBuildFile; fileRef = 3E42688B1DA3B38A0018B76E /* image_1@1x.png */; };
		3E4268981DA3B38A0018B76E /* car@1x.png in Resources */ = {isa = PBXBuildFile; fileRef = 3E42688C1DA3B38A0018B76E /* car@1x.png */; };
		3E4268991DA3B38A0018B76E /* car@2x.png in Resources */ = {isa = PBXBuildFile; fileRef = 3E42688D1DA3B38A0018B76E /* car@2x.png */; };
		3E42689A1DA3B38A0018B76E /* car@3x.png in Resources */ = {isa = PBXBuildFile; fileRef = 3E42688E1DA3B38A0018B76E /* car@3x.png */; };
		3E42689D1DA3C0A90018B76E /* DataHelper.m in Sources */ = {isa = PBXBuildFile; fileRef = 3E42689C1DA3C0A90018B76E /* DataHelper.m */; };
		3E8AB2E61DA8CF3D001267C0 /* MapDriverViewController.m in Sources */ = {isa = PBXBuildFile; fileRef = 3E8AB2E51DA8CF3D001267C0 /* MapDriverViewController.m */; };
		3E8AB2EB1DA9F211001267C0 /* car_small@1x.png in Resources */ = {isa = PBXBuildFile; fileRef = 3E8AB2E71DA9F211001267C0 /* car_small@1x.png */; };
		3E8AB2EC1DA9F211001267C0 /* car_small@2x.png in Resources */ = {isa = PBXBuildFile; fileRef = 3E8AB2E81DA9F211001267C0 /* car_small@2x.png */; };
		3E8AB2ED1DA9F211001267C0 /* car_small@3x.png in Resources */ = {isa = PBXBuildFile; fileRef = 3E8AB2E91DA9F211001267C0 /* car_small@3x.png */; };
		3E8AB2EE1DA9F211001267C0 /* car_small@4x.png in Resources */ = {isa = PBXBuildFile; fileRef = 3E8AB2EA1DA9F211001267C0 /* car_small@4x.png */; };
		3E8AB2F11DAA5F8C001267C0 /* FilterViewController.m in Sources */ = {isa = PBXBuildFile; fileRef = 3E8AB2F01DAA5F8C001267C0 /* FilterViewController.m */; };
		3EA00F921DA0B5CA000FD90B /* ListDataViewController.m in Sources */ = {isa = PBXBuildFile; fileRef = 3EA00F911DA0B5CA000FD90B /* ListDataViewController.m */; };
		3EA00F991DA0D615000FD90B /* call_now.png in Resources */ = {isa = PBXBuildFile; fileRef = 3EA00F981DA0D615000FD90B /* call_now.png */; };
		3EA00FA91DA0E064000FD90B /* Car.m in Sources */ = {isa = PBXBuildFile; fileRef = 3EA00FA51DA0E064000FD90B /* Car.m */; };
		3EA00FAA1DA0E064000FD90B /* ItemCell.m in Sources */ = {isa = PBXBuildFile; fileRef = 3EA00FA71DA0E064000FD90B /* ItemCell.m */; };
		3EA00FAB1DA0E064000FD90B /* ItemCell.xib in Resources */ = {isa = PBXBuildFile; fileRef = 3EA00FA81DA0E064000FD90B /* ItemCell.xib */; };
		3EAD9F011DA2753600B122AD /* car.png in Resources */ = {isa = PBXBuildFile; fileRef = 3EAD9EF81DA2753600B122AD /* car.png */; };
		3EAD9F021DA2753600B122AD /* buttons_06.png in Resources */ = {isa = PBXBuildFile; fileRef = 3EAD9EF91DA2753600B122AD /* buttons_06.png */; };
		3EAD9F031DA2753600B122AD /* buttons_05.png in Resources */ = {isa = PBXBuildFile; fileRef = 3EAD9EFA1DA2753600B122AD /* buttons_05.png */; };
		3EAD9F041DA2753600B122AD /* buttons_04.png in Resources */ = {isa = PBXBuildFile; fileRef = 3EAD9EFB1DA2753600B122AD /* buttons_04.png */; };
		3EAD9F051DA2753600B122AD /* buttons_03.png in Resources */ = {isa = PBXBuildFile; fileRef = 3EAD9EFC1DA2753600B122AD /* buttons_03.png */; };
		3EAD9F061DA2753600B122AD /* background_02.png in Resources */ = {isa = PBXBuildFile; fileRef = 3EAD9EFD1DA2753600B122AD /* background_02.png */; };
		3EAD9F071DA2753600B122AD /* background_01.png in Resources */ = {isa = PBXBuildFile; fileRef = 3EAD9EFE1DA2753600B122AD /* background_01.png */; };
		3EAD9F081DA2753600B122AD /* buttons_02.png in Resources */ = {isa = PBXBuildFile; fileRef = 3EAD9EFF1DA2753600B122AD /* buttons_02.png */; };
		3EAD9F091DA2753600B122AD /* buttons_01.png in Resources */ = {isa = PBXBuildFile; fileRef = 3EAD9F001DA2753600B122AD /* buttons_01.png */; };
		3EAD9F0E1DA27B0300B122AD /* filter_clear.png in Resources */ = {isa = PBXBuildFile; fileRef = 3EAD9F0A1DA27B0300B122AD /* filter_clear.png */; };
		3EAD9F0F1DA27B0300B122AD /* filter.png in Resources */ = {isa = PBXBuildFile; fileRef = 3EAD9F0B1DA27B0300B122AD /* filter.png */; };
		3EAD9F101DA27B0300B122AD /* menu.png in Resources */ = {isa = PBXBuildFile; fileRef = 3EAD9F0C1DA27B0300B122AD /* menu.png */; };
		3EAD9F111DA27B0300B122AD /* back.png in Resources */ = {isa = PBXBuildFile; fileRef = 3EAD9F0D1DA27B0300B122AD /* back.png */; };
		3EDFC60E1D9F87F700EB31B0 /* main.m in Sources */ = {isa = PBXBuildFile; fileRef = 3EDFC60D1D9F87F700EB31B0 /* main.m */; };
		3EDFC6111D9F87F700EB31B0 /* AppDelegate.m in Sources */ = {isa = PBXBuildFile; fileRef = 3EDFC6101D9F87F700EB31B0 /* AppDelegate.m */; };
		3EDFC6171D9F87F700EB31B0 /* Main.storyboard in Resources */ = {isa = PBXBuildFile; fileRef = 3EDFC6151D9F87F700EB31B0 /* Main.storyboard */; };
		3EDFC6191D9F87F700EB31B0 /* Assets.xcassets in Resources */ = {isa = PBXBuildFile; fileRef = 3EDFC6181D9F87F700EB31B0 /* Assets.xcassets */; };
		3EDFC61C1D9F87F700EB31B0 /* LaunchScreen.storyboard in Resources */ = {isa = PBXBuildFile; fileRef = 3EDFC61A1D9F87F700EB31B0 /* LaunchScreen.storyboard */; };
		3EDFC6281D9FA18900EB31B0 /* bg_bus.png in Resources */ = {isa = PBXBuildFile; fileRef = 3EDFC6261D9FA18900EB31B0 /* bg_bus.png */; };
		3EDFC6291D9FA18900EB31B0 /* splash.png in Resources */ = {isa = PBXBuildFile; fileRef = 3EDFC6271D9FA18900EB31B0 /* splash.png */; };
		3EDFC62C1D9FA68200EB31B0 /* driver.png in Resources */ = {isa = PBXBuildFile; fileRef = 3EDFC62A1D9FA68200EB31B0 /* driver.png */; };
		3EDFC62D1D9FA68200EB31B0 /* passenger.png in Resources */ = {isa = PBXBuildFile; fileRef = 3EDFC62B1D9FA68200EB31B0 /* passenger.png */; };
		3EDFC63D1D9FAFE300EB31B0 /* RegisterViewController.m in Sources */ = {isa = PBXBuildFile; fileRef = 3EDFC63A1D9FAFE300EB31B0 /* RegisterViewController.m */; };
		3EDFC63E1D9FAFE300EB31B0 /* FirstViewController.m in Sources */ = {isa = PBXBuildFile; fileRef = 3EDFC63C1D9FAFE300EB31B0 /* FirstViewController.m */; };
		3EDFC6411D9FC88700EB31B0 /* QuartzCore.framework in Frameworks */ = {isa = PBXBuildFile; fileRef = 3EDFC6401D9FC88700EB31B0 /* QuartzCore.framework */; };
		3EE856051DAB98FC00972BD8 /* TriangleView.m in Sources */ = {isa = PBXBuildFile; fileRef = 3EE856041DAB98FC00972BD8 /* TriangleView.m */; };
		3EE8560D1DAB9B9000972BD8 /* khoangcach.png in Resources */ = {isa = PBXBuildFile; fileRef = 3EE856071DAB9B9000972BD8 /* khoangcach.png */; };
		3EE8560E1DAB9B9000972BD8 /* loaixe.png in Resources */ = {isa = PBXBuildFile; fileRef = 3EE856081DAB9B9000972BD8 /* loaixe.png */; };
		3EE8560F1DAB9B9000972BD8 /* sdt.png in Resources */ = {isa = PBXBuildFile; fileRef = 3EE856091DAB9B9000972BD8 /* sdt.png */; };
		3EE856101DAB9B9000972BD8 /* socho.png in Resources */ = {isa = PBXBuildFile; fileRef = 3EE8560A1DAB9B9000972BD8 /* socho.png */; };
		3EE856111DAB9B9000972BD8 /* taixe.png in Resources */ = {isa = PBXBuildFile; fileRef = 3EE8560B1DAB9B9000972BD8 /* taixe.png */; };
		3EE856121DAB9B9000972BD8 /* tenxe.png in Resources */ = {isa = PBXBuildFile; fileRef = 3EE8560C1DAB9B9000972BD8 /* tenxe.png */; };
		3EE856141DAB9EBB00972BD8 /* giatien.png in Resources */ = {isa = PBXBuildFile; fileRef = 3EE856131DAB9EBB00972BD8 /* giatien.png */; };
		3EE8562D1DACC7DC00972BD8 /* list_deselect@4x.png in Resources */ = {isa = PBXBuildFile; fileRef = 3EE8561D1DACC7DC00972BD8 /* list_deselect@4x.png */; };
		3EE8562E1DACC7DC00972BD8 /* list_deselect@3x.png in Resources */ = {isa = PBXBuildFile; fileRef = 3EE8561E1DACC7DC00972BD8 /* list_deselect@3x.png */; };
		3EE8562F1DACC7DC00972BD8 /* list_deselect@1x.png in Resources */ = {isa = PBXBuildFile; fileRef = 3EE8561F1DACC7DC00972BD8 /* list_deselect@1x.png */; };
		3EE856301DACC7DC00972BD8 /* map_selected@3x.png in Resources */ = {isa = PBXBuildFile; fileRef = 3EE856201DACC7DC00972BD8 /* map_selected@3x.png */; };
		3EE856311DACC7DC00972BD8 /* map_selected@2x.png in Resources */ = {isa = PBXBuildFile; fileRef = 3EE856211DACC7DC00972BD8 /* map_selected@2x.png */; };
		3EE856321DACC7DC00972BD8 /* map_selected@1x.png in Resources */ = {isa = PBXBuildFile; fileRef = 3EE856221DACC7DC00972BD8 /* map_selected@1x.png */; };
		3EE856331DACC7DC00972BD8 /* map_selected@4x.png in Resources */ = {isa = PBXBuildFile; fileRef = 3EE856231DACC7DC00972BD8 /* map_selected@4x.png */; };
		3EE856341DACC7DC00972BD8 /* map_deselect@4x.png in Resources */ = {isa = PBXBuildFile; fileRef = 3EE856241DACC7DC00972BD8 /* map_deselect@4x.png */; };
		3EE856351DACC7DC00972BD8 /* map_deselect@3x.png in Resources */ = {isa = PBXBuildFile; fileRef = 3EE856251DACC7DC00972BD8 /* map_deselect@3x.png */; };
		3EE856361DACC7DC00972BD8 /* map_deselect@2x.png in Resources */ = {isa = PBXBuildFile; fileRef = 3EE856261DACC7DC00972BD8 /* map_deselect@2x.png */; };
		3EE856371DACC7DC00972BD8 /* map_deselect@1x.png in Resources */ = {isa = PBXBuildFile; fileRef = 3EE856271DACC7DC00972BD8 /* map_deselect@1x.png */; };
		3EE856381DACC7DC00972BD8 /* list_deselect@2x.png in Resources */ = {isa = PBXBuildFile; fileRef = 3EE856281DACC7DC00972BD8 /* list_deselect@2x.png */; };
		3EE856391DACC7DC00972BD8 /* list_selected@4x.png in Resources */ = {isa = PBXBuildFile; fileRef = 3EE856291DACC7DC00972BD8 /* list_selected@4x.png */; };
		3EE8563A1DACC7DC00972BD8 /* list_selected@3x.png in Resources */ = {isa = PBXBuildFile; fileRef = 3EE8562A1DACC7DC00972BD8 /* list_selected@3x.png */; };
		3EE8563B1DACC7DC00972BD8 /* list_selected@2x.png in Resources */ = {isa = PBXBuildFile; fileRef = 3EE8562B1DACC7DC00972BD8 /* list_selected@2x.png */; };
		3EE8563C1DACC7DC00972BD8 /* list_selected@1x.png in Resources */ = {isa = PBXBuildFile; fileRef = 3EE8562C1DACC7DC00972BD8 /* list_selected@1x.png */; };
		3EE8563F1DACD1A800972BD8 /* MapPassengerViewController.m in Sources */ = {isa = PBXBuildFile; fileRef = 3EE8563E1DACD1A800972BD8 /* MapPassengerViewController.m */; };
		3EE856441DACFACB00972BD8 /* empty_data@1x.png in Resources */ = {isa = PBXBuildFile; fileRef = 3EE856401DACFACB00972BD8 /* empty_data@1x.png */; };
		3EE856451DACFACB00972BD8 /* empty_data@2x.png in Resources */ = {isa = PBXBuildFile; fileRef = 3EE856411DACFACB00972BD8 /* empty_data@2x.png */; };
		3EE856461DACFACB00972BD8 /* empty_data@3x.png in Resources */ = {isa = PBXBuildFile; fileRef = 3EE856421DACFACB00972BD8 /* empty_data@3x.png */; };
		3EE856471DACFACB00972BD8 /* empty_data@4x.png in Resources */ = {isa = PBXBuildFile; fileRef = 3EE856431DACFACB00972BD8 /* empty_data@4x.png */; };
		D238E8F1560D16DF5CFEAB68 /* libPods-ThueXe.a in Frameworks */ = {isa = PBXBuildFile; fileRef = 61358BE0EB30CF0F5F92733F /* libPods-ThueXe.a */; };
/* End PBXBuildFile section */

/* Begin PBXFileReference section */
		3E4268831DA3B38A0018B76E /* image_1@4x.png */ = {isa = PBXFileReference; lastKnownFileType = image.png; path = "image_1@4x.png"; sourceTree = "<group>"; };
		3E4268841DA3B38A0018B76E /* image_2@3x.png */ = {isa = PBXFileReference; lastKnownFileType = image.png; path = "image_2@3x.png"; sourceTree = "<group>"; };
		3E4268851DA3B38A0018B76E /* image_2@4x.png */ = {isa = PBXFileReference; lastKnownFileType = image.png; path = "image_2@4x.png"; sourceTree = "<group>"; };
		3E4268861DA3B38A0018B76E /* image_1@3x.png */ = {isa = PBXFileReference; lastKnownFileType = image.png; path = "image_1@3x.png"; sourceTree = "<group>"; };
		3E4268871DA3B38A0018B76E /* image_2@2x.png */ = {isa = PBXFileReference; lastKnownFileType = image.png; path = "image_2@2x.png"; sourceTree = "<group>"; };
		3E4268881DA3B38A0018B76E /* image_1@2x.png */ = {isa = PBXFileReference; lastKnownFileType = image.png; path = "image_1@2x.png"; sourceTree = "<group>"; };
		3E4268891DA3B38A0018B76E /* image_2@1x.png */ = {isa = PBXFileReference; lastKnownFileType = image.png; path = "image_2@1x.png"; sourceTree = "<group>"; };
		3E42688A1DA3B38A0018B76E /* car@4x.png */ = {isa = PBXFileReference; lastKnownFileType = image.png; path = "car@4x.png"; sourceTree = "<group>"; };
		3E42688B1DA3B38A0018B76E /* image_1@1x.png */ = {isa = PBXFileReference; lastKnownFileType = image.png; path = "image_1@1x.png"; sourceTree = "<group>"; };
		3E42688C1DA3B38A0018B76E /* car@1x.png */ = {isa = PBXFileReference; lastKnownFileType = image.png; path = "car@1x.png"; sourceTree = "<group>"; };
		3E42688D1DA3B38A0018B76E /* car@2x.png */ = {isa = PBXFileReference; lastKnownFileType = image.png; path = "car@2x.png"; sourceTree = "<group>"; };
		3E42688E1DA3B38A0018B76E /* car@3x.png */ = {isa = PBXFileReference; lastKnownFileType = image.png; path = "car@3x.png"; sourceTree = "<group>"; };
		3E42689B1DA3C0A90018B76E /* DataHelper.h */ = {isa = PBXFileReference; fileEncoding = 4; lastKnownFileType = sourcecode.c.h; path = DataHelper.h; sourceTree = "<group>"; };
		3E42689C1DA3C0A90018B76E /* DataHelper.m */ = {isa = PBXFileReference; fileEncoding = 4; lastKnownFileType = sourcecode.c.objc; path = DataHelper.m; sourceTree = "<group>"; };
		3E8AB2E41DA8CF3D001267C0 /* MapDriverViewController.h */ = {isa = PBXFileReference; fileEncoding = 4; lastKnownFileType = sourcecode.c.h; path = MapDriverViewController.h; sourceTree = "<group>"; };
		3E8AB2E51DA8CF3D001267C0 /* MapDriverViewController.m */ = {isa = PBXFileReference; fileEncoding = 4; lastKnownFileType = sourcecode.c.objc; path = MapDriverViewController.m; sourceTree = "<group>"; };
		3E8AB2E71DA9F211001267C0 /* car_small@1x.png */ = {isa = PBXFileReference; lastKnownFileType = image.png; path = "car_small@1x.png"; sourceTree = "<group>"; };
		3E8AB2E81DA9F211001267C0 /* car_small@2x.png */ = {isa = PBXFileReference; lastKnownFileType = image.png; path = "car_small@2x.png"; sourceTree = "<group>"; };
		3E8AB2E91DA9F211001267C0 /* car_small@3x.png */ = {isa = PBXFileReference; lastKnownFileType = image.png; path = "car_small@3x.png"; sourceTree = "<group>"; };
		3E8AB2EA1DA9F211001267C0 /* car_small@4x.png */ = {isa = PBXFileReference; lastKnownFileType = image.png; path = "car_small@4x.png"; sourceTree = "<group>"; };
		3E8AB2EF1DAA5F8C001267C0 /* FilterViewController.h */ = {isa = PBXFileReference; fileEncoding = 4; lastKnownFileType = sourcecode.c.h; path = FilterViewController.h; sourceTree = "<group>"; };
		3E8AB2F01DAA5F8C001267C0 /* FilterViewController.m */ = {isa = PBXFileReference; fileEncoding = 4; lastKnownFileType = sourcecode.c.objc; path = FilterViewController.m; sourceTree = "<group>"; };
		3EA00F901DA0B5CA000FD90B /* ListDataViewController.h */ = {isa = PBXFileReference; fileEncoding = 4; lastKnownFileType = sourcecode.c.h; path = ListDataViewController.h; sourceTree = "<group>"; };
		3EA00F911DA0B5CA000FD90B /* ListDataViewController.m */ = {isa = PBXFileReference; fileEncoding = 4; lastKnownFileType = sourcecode.c.objc; path = ListDataViewController.m; sourceTree = "<group>"; };
		3EA00F981DA0D615000FD90B /* call_now.png */ = {isa = PBXFileReference; lastKnownFileType = image.png; path = call_now.png; sourceTree = "<group>"; };
		3EA00FA41DA0E064000FD90B /* Car.h */ = {isa = PBXFileReference; fileEncoding = 4; lastKnownFileType = sourcecode.c.h; path = Car.h; sourceTree = "<group>"; };
		3EA00FA51DA0E064000FD90B /* Car.m */ = {isa = PBXFileReference; fileEncoding = 4; lastKnownFileType = sourcecode.c.objc; path = Car.m; sourceTree = "<group>"; };
		3EA00FA61DA0E064000FD90B /* ItemCell.h */ = {isa = PBXFileReference; fileEncoding = 4; lastKnownFileType = sourcecode.c.h; path = ItemCell.h; sourceTree = "<group>"; };
		3EA00FA71DA0E064000FD90B /* ItemCell.m */ = {isa = PBXFileReference; fileEncoding = 4; lastKnownFileType = sourcecode.c.objc; path = ItemCell.m; sourceTree = "<group>"; };
		3EA00FA81DA0E064000FD90B /* ItemCell.xib */ = {isa = PBXFileReference; fileEncoding = 4; lastKnownFileType = file.xib; path = ItemCell.xib; sourceTree = "<group>"; };
		3EAD9EF81DA2753600B122AD /* car.png */ = {isa = PBXFileReference; lastKnownFileType = image.png; path = car.png; sourceTree = "<group>"; };
		3EAD9EF91DA2753600B122AD /* buttons_06.png */ = {isa = PBXFileReference; lastKnownFileType = image.png; path = buttons_06.png; sourceTree = "<group>"; };
		3EAD9EFA1DA2753600B122AD /* buttons_05.png */ = {isa = PBXFileReference; lastKnownFileType = image.png; path = buttons_05.png; sourceTree = "<group>"; };
		3EAD9EFB1DA2753600B122AD /* buttons_04.png */ = {isa = PBXFileReference; lastKnownFileType = image.png; path = buttons_04.png; sourceTree = "<group>"; };
		3EAD9EFC1DA2753600B122AD /* buttons_03.png */ = {isa = PBXFileReference; lastKnownFileType = image.png; path = buttons_03.png; sourceTree = "<group>"; };
		3EAD9EFD1DA2753600B122AD /* background_02.png */ = {isa = PBXFileReference; lastKnownFileType = image.png; path = background_02.png; sourceTree = "<group>"; };
		3EAD9EFE1DA2753600B122AD /* background_01.png */ = {isa = PBXFileReference; lastKnownFileType = image.png; path = background_01.png; sourceTree = "<group>"; };
		3EAD9EFF1DA2753600B122AD /* buttons_02.png */ = {isa = PBXFileReference; lastKnownFileType = image.png; path = buttons_02.png; sourceTree = "<group>"; };
		3EAD9F001DA2753600B122AD /* buttons_01.png */ = {isa = PBXFileReference; lastKnownFileType = image.png; path = buttons_01.png; sourceTree = "<group>"; };
		3EAD9F0A1DA27B0300B122AD /* filter_clear.png */ = {isa = PBXFileReference; lastKnownFileType = image.png; path = filter_clear.png; sourceTree = "<group>"; };
		3EAD9F0B1DA27B0300B122AD /* filter.png */ = {isa = PBXFileReference; lastKnownFileType = image.png; path = filter.png; sourceTree = "<group>"; };
		3EAD9F0C1DA27B0300B122AD /* menu.png */ = {isa = PBXFileReference; lastKnownFileType = image.png; path = menu.png; sourceTree = "<group>"; };
		3EAD9F0D1DA27B0300B122AD /* back.png */ = {isa = PBXFileReference; lastKnownFileType = image.png; path = back.png; sourceTree = "<group>"; };
		3EDFC6091D9F87F700EB31B0 /* ThueXe.app */ = {isa = PBXFileReference; explicitFileType = wrapper.application; includeInIndex = 0; path = ThueXe.app; sourceTree = BUILT_PRODUCTS_DIR; };
		3EDFC60D1D9F87F700EB31B0 /* main.m */ = {isa = PBXFileReference; lastKnownFileType = sourcecode.c.objc; path = main.m; sourceTree = "<group>"; };
		3EDFC60F1D9F87F700EB31B0 /* AppDelegate.h */ = {isa = PBXFileReference; lastKnownFileType = sourcecode.c.h; path = AppDelegate.h; sourceTree = "<group>"; };
		3EDFC6101D9F87F700EB31B0 /* AppDelegate.m */ = {isa = PBXFileReference; lastKnownFileType = sourcecode.c.objc; path = AppDelegate.m; sourceTree = "<group>"; };
		3EDFC6161D9F87F700EB31B0 /* Base */ = {isa = PBXFileReference; lastKnownFileType = file.storyboard; name = Base; path = Base.lproj/Main.storyboard; sourceTree = "<group>"; };
		3EDFC6181D9F87F700EB31B0 /* Assets.xcassets */ = {isa = PBXFileReference; lastKnownFileType = folder.assetcatalog; path = Assets.xcassets; sourceTree = "<group>"; };
		3EDFC61B1D9F87F700EB31B0 /* Base */ = {isa = PBXFileReference; lastKnownFileType = file.storyboard; name = Base; path = Base.lproj/LaunchScreen.storyboard; sourceTree = "<group>"; };
		3EDFC61D1D9F87F700EB31B0 /* Info.plist */ = {isa = PBXFileReference; lastKnownFileType = text.plist.xml; path = Info.plist; sourceTree = "<group>"; };
		3EDFC6231D9F881200EB31B0 /* ThueXe.entitlements */ = {isa = PBXFileReference; lastKnownFileType = text.plist.entitlements; path = ThueXe.entitlements; sourceTree = "<group>"; };
		3EDFC6261D9FA18900EB31B0 /* bg_bus.png */ = {isa = PBXFileReference; lastKnownFileType = image.png; path = bg_bus.png; sourceTree = "<group>"; };
		3EDFC6271D9FA18900EB31B0 /* splash.png */ = {isa = PBXFileReference; lastKnownFileType = image.png; path = splash.png; sourceTree = "<group>"; };
		3EDFC62A1D9FA68200EB31B0 /* driver.png */ = {isa = PBXFileReference; lastKnownFileType = image.png; path = driver.png; sourceTree = "<group>"; };
		3EDFC62B1D9FA68200EB31B0 /* passenger.png */ = {isa = PBXFileReference; lastKnownFileType = image.png; path = passenger.png; sourceTree = "<group>"; };
		3EDFC6391D9FAFE300EB31B0 /* RegisterViewController.h */ = {isa = PBXFileReference; fileEncoding = 4; lastKnownFileType = sourcecode.c.h; path = RegisterViewController.h; sourceTree = "<group>"; };
		3EDFC63A1D9FAFE300EB31B0 /* RegisterViewController.m */ = {isa = PBXFileReference; fileEncoding = 4; lastKnownFileType = sourcecode.c.objc; path = RegisterViewController.m; sourceTree = "<group>"; };
		3EDFC63B1D9FAFE300EB31B0 /* FirstViewController.h */ = {isa = PBXFileReference; fileEncoding = 4; lastKnownFileType = sourcecode.c.h; path = FirstViewController.h; sourceTree = "<group>"; };
		3EDFC63C1D9FAFE300EB31B0 /* FirstViewController.m */ = {isa = PBXFileReference; fileEncoding = 4; lastKnownFileType = sourcecode.c.objc; path = FirstViewController.m; sourceTree = "<group>"; };
		3EDFC63F1D9FBCD000EB31B0 /* Config.h */ = {isa = PBXFileReference; lastKnownFileType = sourcecode.c.h; path = Config.h; sourceTree = "<group>"; };
		3EDFC6401D9FC88700EB31B0 /* QuartzCore.framework */ = {isa = PBXFileReference; lastKnownFileType = wrapper.framework; name = QuartzCore.framework; path = System/Library/Frameworks/QuartzCore.framework; sourceTree = SDKROOT; };
		3EE856031DAB98FC00972BD8 /* TriangleView.h */ = {isa = PBXFileReference; fileEncoding = 4; lastKnownFileType = sourcecode.c.h; path = TriangleView.h; sourceTree = "<group>"; };
		3EE856041DAB98FC00972BD8 /* TriangleView.m */ = {isa = PBXFileReference; fileEncoding = 4; lastKnownFileType = sourcecode.c.objc; path = TriangleView.m; sourceTree = "<group>"; };
		3EE856071DAB9B9000972BD8 /* khoangcach.png */ = {isa = PBXFileReference; lastKnownFileType = image.png; path = khoangcach.png; sourceTree = "<group>"; };
		3EE856081DAB9B9000972BD8 /* loaixe.png */ = {isa = PBXFileReference; lastKnownFileType = image.png; path = loaixe.png; sourceTree = "<group>"; };
		3EE856091DAB9B9000972BD8 /* sdt.png */ = {isa = PBXFileReference; lastKnownFileType = image.png; path = sdt.png; sourceTree = "<group>"; };
		3EE8560A1DAB9B9000972BD8 /* socho.png */ = {isa = PBXFileReference; lastKnownFileType = image.png; path = socho.png; sourceTree = "<group>"; };
		3EE8560B1DAB9B9000972BD8 /* taixe.png */ = {isa = PBXFileReference; lastKnownFileType = image.png; path = taixe.png; sourceTree = "<group>"; };
		3EE8560C1DAB9B9000972BD8 /* tenxe.png */ = {isa = PBXFileReference; lastKnownFileType = image.png; path = tenxe.png; sourceTree = "<group>"; };
		3EE856131DAB9EBB00972BD8 /* giatien.png */ = {isa = PBXFileReference; lastKnownFileType = image.png; path = giatien.png; sourceTree = "<group>"; };
		3EE8561D1DACC7DC00972BD8 /* list_deselect@4x.png */ = {isa = PBXFileReference; lastKnownFileType = image.png; path = "list_deselect@4x.png"; sourceTree = "<group>"; };
		3EE8561E1DACC7DC00972BD8 /* list_deselect@3x.png */ = {isa = PBXFileReference; lastKnownFileType = image.png; path = "list_deselect@3x.png"; sourceTree = "<group>"; };
		3EE8561F1DACC7DC00972BD8 /* list_deselect@1x.png */ = {isa = PBXFileReference; lastKnownFileType = image.png; path = "list_deselect@1x.png"; sourceTree = "<group>"; };
		3EE856201DACC7DC00972BD8 /* map_selected@3x.png */ = {isa = PBXFileReference; lastKnownFileType = image.png; path = "map_selected@3x.png"; sourceTree = "<group>"; };
		3EE856211DACC7DC00972BD8 /* map_selected@2x.png */ = {isa = PBXFileReference; lastKnownFileType = image.png; path = "map_selected@2x.png"; sourceTree = "<group>"; };
		3EE856221DACC7DC00972BD8 /* map_selected@1x.png */ = {isa = PBXFileReference; lastKnownFileType = image.png; path = "map_selected@1x.png"; sourceTree = "<group>"; };
		3EE856231DACC7DC00972BD8 /* map_selected@4x.png */ = {isa = PBXFileReference; lastKnownFileType = image.png; path = "map_selected@4x.png"; sourceTree = "<group>"; };
		3EE856241DACC7DC00972BD8 /* map_deselect@4x.png */ = {isa = PBXFileReference; lastKnownFileType = image.png; path = "map_deselect@4x.png"; sourceTree = "<group>"; };
		3EE856251DACC7DC00972BD8 /* map_deselect@3x.png */ = {isa = PBXFileReference; lastKnownFileType = image.png; path = "map_deselect@3x.png"; sourceTree = "<group>"; };
		3EE856261DACC7DC00972BD8 /* map_deselect@2x.png */ = {isa = PBXFileReference; lastKnownFileType = image.png; path = "map_deselect@2x.png"; sourceTree = "<group>"; };
		3EE856271DACC7DC00972BD8 /* map_deselect@1x.png */ = {isa = PBXFileReference; lastKnownFileType = image.png; path = "map_deselect@1x.png"; sourceTree = "<group>"; };
		3EE856281DACC7DC00972BD8 /* list_deselect@2x.png */ = {isa = PBXFileReference; lastKnownFileType = image.png; path = "list_deselect@2x.png"; sourceTree = "<group>"; };
		3EE856291DACC7DC00972BD8 /* list_selected@4x.png */ = {isa = PBXFileReference; lastKnownFileType = image.png; path = "list_selected@4x.png"; sourceTree = "<group>"; };
		3EE8562A1DACC7DC00972BD8 /* list_selected@3x.png */ = {isa = PBXFileReference; lastKnownFileType = image.png; path = "list_selected@3x.png"; sourceTree = "<group>"; };
		3EE8562B1DACC7DC00972BD8 /* list_selected@2x.png */ = {isa = PBXFileReference; lastKnownFileType = image.png; path = "list_selected@2x.png"; sourceTree = "<group>"; };
		3EE8562C1DACC7DC00972BD8 /* list_selected@1x.png */ = {isa = PBXFileReference; lastKnownFileType = image.png; path = "list_selected@1x.png"; sourceTree = "<group>"; };
		3EE8563D1DACD1A800972BD8 /* MapPassengerViewController.h */ = {isa = PBXFileReference; fileEncoding = 4; lastKnownFileType = sourcecode.c.h; path = MapPassengerViewController.h; sourceTree = "<group>"; };
		3EE8563E1DACD1A800972BD8 /* MapPassengerViewController.m */ = {isa = PBXFileReference; fileEncoding = 4; lastKnownFileType = sourcecode.c.objc; path = MapPassengerViewController.m; sourceTree = "<group>"; };
		3EE856401DACFACB00972BD8 /* empty_data@1x.png */ = {isa = PBXFileReference; lastKnownFileType = image.png; path = "empty_data@1x.png"; sourceTree = "<group>"; };
		3EE856411DACFACB00972BD8 /* empty_data@2x.png */ = {isa = PBXFileReference; lastKnownFileType = image.png; path = "empty_data@2x.png"; sourceTree = "<group>"; };
		3EE856421DACFACB00972BD8 /* empty_data@3x.png */ = {isa = PBXFileReference; lastKnownFileType = image.png; path = "empty_data@3x.png"; sourceTree = "<group>"; };
		3EE856431DACFACB00972BD8 /* empty_data@4x.png */ = {isa = PBXFileReference; lastKnownFileType = image.png; path = "empty_data@4x.png"; sourceTree = "<group>"; };
		61358BE0EB30CF0F5F92733F /* libPods-ThueXe.a */ = {isa = PBXFileReference; explicitFileType = archive.ar; includeInIndex = 0; path = "libPods-ThueXe.a"; sourceTree = BUILT_PRODUCTS_DIR; };
		644576E57A9C96004176A891 /* Pods-ThueXe.debug.xcconfig */ = {isa = PBXFileReference; includeInIndex = 1; lastKnownFileType = text.xcconfig; name = "Pods-ThueXe.debug.xcconfig"; path = "Pods/Target Support Files/Pods-ThueXe/Pods-ThueXe.debug.xcconfig"; sourceTree = "<group>"; };
		C8549B10B26532481AB5872F /* Pods-ThueXe.release.xcconfig */ = {isa = PBXFileReference; includeInIndex = 1; lastKnownFileType = text.xcconfig; name = "Pods-ThueXe.release.xcconfig"; path = "Pods/Target Support Files/Pods-ThueXe/Pods-ThueXe.release.xcconfig"; sourceTree = "<group>"; };
/* End PBXFileReference section */

/* Begin PBXFrameworksBuildPhase section */
		3EDFC6061D9F87F700EB31B0 /* Frameworks */ = {
			isa = PBXFrameworksBuildPhase;
			buildActionMask = 2147483647;
			files = (
				3EDFC6411D9FC88700EB31B0 /* QuartzCore.framework in Frameworks */,
				D238E8F1560D16DF5CFEAB68 /* libPods-ThueXe.a in Frameworks */,
			);
			runOnlyForDeploymentPostprocessing = 0;
		};
/* End PBXFrameworksBuildPhase section */

/* Begin PBXGroup section */
		15603572782C701324787E9B /* Pods */ = {
			isa = PBXGroup;
			children = (
				644576E57A9C96004176A891 /* Pods-ThueXe.debug.xcconfig */,
				C8549B10B26532481AB5872F /* Pods-ThueXe.release.xcconfig */,
			);
			name = Pods;
			sourceTree = "<group>";
		};
		3EA00FA31DA0E064000FD90B /* Objects */ = {
			isa = PBXGroup;
			children = (
				3EE856031DAB98FC00972BD8 /* TriangleView.h */,
				3EE856041DAB98FC00972BD8 /* TriangleView.m */,
				3EA00FA41DA0E064000FD90B /* Car.h */,
				3EA00FA51DA0E064000FD90B /* Car.m */,
				3EA00FA61DA0E064000FD90B /* ItemCell.h */,
				3EA00FA71DA0E064000FD90B /* ItemCell.m */,
				3EA00FA81DA0E064000FD90B /* ItemCell.xib */,
			);
			path = Objects;
			sourceTree = "<group>";
		};
		3EDFC6001D9F87F700EB31B0 = {
			isa = PBXGroup;
			children = (
				3EDFC60B1D9F87F700EB31B0 /* ThueXe */,
				3EDFC60A1D9F87F700EB31B0 /* Products */,
				15603572782C701324787E9B /* Pods */,
				C0FD7B44FB5D1F8B3E198FEC /* Frameworks */,
			);
			sourceTree = "<group>";
		};
		3EDFC60A1D9F87F700EB31B0 /* Products */ = {
			isa = PBXGroup;
			children = (
				3EDFC6091D9F87F700EB31B0 /* ThueXe.app */,
			);
			name = Products;
			sourceTree = "<group>";
		};
		3EDFC60B1D9F87F700EB31B0 /* ThueXe */ = {
			isa = PBXGroup;
			children = (
				3EDFC60F1D9F87F700EB31B0 /* AppDelegate.h */,
				3EDFC6101D9F87F700EB31B0 /* AppDelegate.m */,
				3EDFC6151D9F87F700EB31B0 /* Main.storyboard */,
				3EDFC63F1D9FBCD000EB31B0 /* Config.h */,
				3EDFC6381D9FAFE300EB31B0 /* ViewController */,
				3EA00FA31DA0E064000FD90B /* Objects */,
				3EDFC60C1D9F87F700EB31B0 /* Supporting Files */,
				3EDFC6241D9FA18900EB31B0 /* Resources */,
				3E42689B1DA3C0A90018B76E /* DataHelper.h */,
				3E42689C1DA3C0A90018B76E /* DataHelper.m */,
			);
			path = ThueXe;
			sourceTree = "<group>";
		};
		3EDFC60C1D9F87F700EB31B0 /* Supporting Files */ = {
			isa = PBXGroup;
			children = (
				3EDFC6181D9F87F700EB31B0 /* Assets.xcassets */,
				3EDFC61A1D9F87F700EB31B0 /* LaunchScreen.storyboard */,
				3EDFC61D1D9F87F700EB31B0 /* Info.plist */,
				3EDFC60D1D9F87F700EB31B0 /* main.m */,
				3EDFC6231D9F881200EB31B0 /* ThueXe.entitlements */,
			);
			name = "Supporting Files";
			sourceTree = "<group>";
		};
		3EDFC6241D9FA18900EB31B0 /* Resources */ = {
			isa = PBXGroup;
			children = (
				3EE856061DAB9B9000972BD8 /* CarIcons */,
				3EDFC6251D9FA18900EB31B0 /* Images */,
			);
			path = Resources;
			sourceTree = "<group>";
		};
		3EDFC6251D9FA18900EB31B0 /* Images */ = {
			isa = PBXGroup;
			children = (
				3EE856401DACFACB00972BD8 /* empty_data@1x.png */,
				3EE856411DACFACB00972BD8 /* empty_data@2x.png */,
				3EE856421DACFACB00972BD8 /* empty_data@3x.png */,
				3EE856431DACFACB00972BD8 /* empty_data@4x.png */,
				3EE8561D1DACC7DC00972BD8 /* list_deselect@4x.png */,
				3EE8561E1DACC7DC00972BD8 /* list_deselect@3x.png */,
				3EE8561F1DACC7DC00972BD8 /* list_deselect@1x.png */,
				3EE856201DACC7DC00972BD8 /* map_selected@3x.png */,
				3EE856211DACC7DC00972BD8 /* map_selected@2x.png */,
				3EE856221DACC7DC00972BD8 /* map_selected@1x.png */,
				3EE856231DACC7DC00972BD8 /* map_selected@4x.png */,
				3EE856241DACC7DC00972BD8 /* map_deselect@4x.png */,
				3EE856251DACC7DC00972BD8 /* map_deselect@3x.png */,
				3EE856261DACC7DC00972BD8 /* map_deselect@2x.png */,
				3EE856271DACC7DC00972BD8 /* map_deselect@1x.png */,
				3EE856281DACC7DC00972BD8 /* list_deselect@2x.png */,
				3EE856291DACC7DC00972BD8 /* list_selected@4x.png */,
				3EE8562A1DACC7DC00972BD8 /* list_selected@3x.png */,
				3EE8562B1DACC7DC00972BD8 /* list_selected@2x.png */,
				3EE8562C1DACC7DC00972BD8 /* list_selected@1x.png */,
				3E8AB2E71DA9F211001267C0 /* car_small@1x.png */,
				3E8AB2E81DA9F211001267C0 /* car_small@2x.png */,
				3E8AB2E91DA9F211001267C0 /* car_small@3x.png */,
				3E8AB2EA1DA9F211001267C0 /* car_small@4x.png */,
				3E4268831DA3B38A0018B76E /* image_1@4x.png */,
				3E4268841DA3B38A0018B76E /* image_2@3x.png */,
				3E4268851DA3B38A0018B76E /* image_2@4x.png */,
				3E4268861DA3B38A0018B76E /* image_1@3x.png */,
				3E4268871DA3B38A0018B76E /* image_2@2x.png */,
				3E4268881DA3B38A0018B76E /* image_1@2x.png */,
				3E4268891DA3B38A0018B76E /* image_2@1x.png */,
				3E42688A1DA3B38A0018B76E /* car@4x.png */,
				3E42688B1DA3B38A0018B76E /* image_1@1x.png */,
				3E42688C1DA3B38A0018B76E /* car@1x.png */,
				3E42688D1DA3B38A0018B76E /* car@2x.png */,
				3E42688E1DA3B38A0018B76E /* car@3x.png */,
				3EAD9F0A1DA27B0300B122AD /* filter_clear.png */,
				3EAD9F0B1DA27B0300B122AD /* filter.png */,
				3EAD9F0C1DA27B0300B122AD /* menu.png */,
				3EAD9F0D1DA27B0300B122AD /* back.png */,
				3EAD9EF81DA2753600B122AD /* car.png */,
				3EAD9EF91DA2753600B122AD /* buttons_06.png */,
				3EAD9EFA1DA2753600B122AD /* buttons_05.png */,
				3EAD9EFB1DA2753600B122AD /* buttons_04.png */,
				3EAD9EFC1DA2753600B122AD /* buttons_03.png */,
				3EAD9EFD1DA2753600B122AD /* background_02.png */,
				3EAD9EFE1DA2753600B122AD /* background_01.png */,
				3EAD9EFF1DA2753600B122AD /* buttons_02.png */,
				3EAD9F001DA2753600B122AD /* buttons_01.png */,
				3EA00F981DA0D615000FD90B /* call_now.png */,
				3EDFC62A1D9FA68200EB31B0 /* driver.png */,
				3EDFC62B1D9FA68200EB31B0 /* passenger.png */,
				3EDFC6261D9FA18900EB31B0 /* bg_bus.png */,
				3EDFC6271D9FA18900EB31B0 /* splash.png */,
			);
			path = Images;
			sourceTree = "<group>";
		};
		3EDFC6381D9FAFE300EB31B0 /* ViewController */ = {
			isa = PBXGroup;
			children = (
				3EDFC63B1D9FAFE300EB31B0 /* FirstViewController.h */,
				3EDFC63C1D9FAFE300EB31B0 /* FirstViewController.m */,
				3EDFC6391D9FAFE300EB31B0 /* RegisterViewController.h */,
				3EDFC63A1D9FAFE300EB31B0 /* RegisterViewController.m */,
				3EA00F901DA0B5CA000FD90B /* ListDataViewController.h */,
				3EA00F911DA0B5CA000FD90B /* ListDataViewController.m */,
				3E8AB2E41DA8CF3D001267C0 /* MapDriverViewController.h */,
				3E8AB2E51DA8CF3D001267C0 /* MapDriverViewController.m */,
				3E8AB2EF1DAA5F8C001267C0 /* FilterViewController.h */,
				3E8AB2F01DAA5F8C001267C0 /* FilterViewController.m */,
				3EE8563D1DACD1A800972BD8 /* MapPassengerViewController.h */,
				3EE8563E1DACD1A800972BD8 /* MapPassengerViewController.m */,
			);
			path = ViewController;
			sourceTree = "<group>";
		};
		3EE856061DAB9B9000972BD8 /* CarIcons */ = {
			isa = PBXGroup;
			children = (
				3EE856131DAB9EBB00972BD8 /* giatien.png */,
				3EE856071DAB9B9000972BD8 /* khoangcach.png */,
				3EE856081DAB9B9000972BD8 /* loaixe.png */,
				3EE856091DAB9B9000972BD8 /* sdt.png */,
				3EE8560A1DAB9B9000972BD8 /* socho.png */,
				3EE8560B1DAB9B9000972BD8 /* taixe.png */,
				3EE8560C1DAB9B9000972BD8 /* tenxe.png */,
			);
			path = CarIcons;
			sourceTree = "<group>";
		};
		C0FD7B44FB5D1F8B3E198FEC /* Frameworks */ = {
			isa = PBXGroup;
			children = (
				3EDFC6401D9FC88700EB31B0 /* QuartzCore.framework */,
				61358BE0EB30CF0F5F92733F /* libPods-ThueXe.a */,
			);
			name = Frameworks;
			sourceTree = "<group>";
		};
/* End PBXGroup section */

/* Begin PBXNativeTarget section */
		3EDFC6081D9F87F700EB31B0 /* ThueXe */ = {
			isa = PBXNativeTarget;
			buildConfigurationList = 3EDFC6201D9F87F700EB31B0 /* Build configuration list for PBXNativeTarget "ThueXe" */;
			buildPhases = (
				0A31692B72E2C2D17447EB41 /* [CP] Check Pods Manifest.lock */,
				3EDFC6051D9F87F700EB31B0 /* Sources */,
				3EDFC6061D9F87F700EB31B0 /* Frameworks */,
				3EDFC6071D9F87F700EB31B0 /* Resources */,
				3F5CAEA703671C7A9FC7F08F /* [CP] Embed Pods Frameworks */,
				EAAB1DFE3D54D596BA842A64 /* [CP] Copy Pods Resources */,
			);
			buildRules = (
			);
			dependencies = (
			);
			name = ThueXe;
			productName = ThueXe;
			productReference = 3EDFC6091D9F87F700EB31B0 /* ThueXe.app */;
			productType = "com.apple.product-type.application";
		};
/* End PBXNativeTarget section */

/* Begin PBXProject section */
		3EDFC6011D9F87F700EB31B0 /* Project object */ = {
			isa = PBXProject;
			attributes = {
				LastUpgradeCheck = 0800;
				ORGANIZATIONNAME = VMio69;
				TargetAttributes = {
					3EDFC6081D9F87F700EB31B0 = {
						CreatedOnToolsVersion = 8.0;
						DevelopmentTeam = 64SBBCGGFS;
						ProvisioningStyle = Automatic;
						SystemCapabilities = {
							com.apple.BackgroundModes = {
								enabled = 1;
							};
							com.apple.Push = {
								enabled = 1;
							};
						};
					};
				};
			};
			buildConfigurationList = 3EDFC6041D9F87F700EB31B0 /* Build configuration list for PBXProject "ThueXe" */;
			compatibilityVersion = "Xcode 3.2";
			developmentRegion = English;
			hasScannedForEncodings = 0;
			knownRegions = (
				en,
				Base,
			);
			mainGroup = 3EDFC6001D9F87F700EB31B0;
			productRefGroup = 3EDFC60A1D9F87F700EB31B0 /* Products */;
			projectDirPath = "";
			projectRoot = "";
			targets = (
				3EDFC6081D9F87F700EB31B0 /* ThueXe */,
			);
		};
/* End PBXProject section */

/* Begin PBXResourcesBuildPhase section */
		3EDFC6071D9F87F700EB31B0 /* Resources */ = {
			isa = PBXResourcesBuildPhase;
			buildActionMask = 2147483647;
			files = (
				3E4268901DA3B38A0018B76E /* image_2@3x.png in Resources */,
				3EE856141DAB9EBB00972BD8 /* giatien.png in Resources */,
				3EAD9F091DA2753600B122AD /* buttons_01.png in Resources */,
				3EE856351DACC7DC00972BD8 /* map_deselect@3x.png in Resources */,
				3EDFC61C1D9F87F700EB31B0 /* LaunchScreen.storyboard in Resources */,
				3EE856371DACC7DC00972BD8 /* map_deselect@1x.png in Resources */,
				3EE8562F1DACC7DC00972BD8 /* list_deselect@1x.png in Resources */,
				3EE856361DACC7DC00972BD8 /* map_deselect@2x.png in Resources */,
				3EAD9F041DA2753600B122AD /* buttons_04.png in Resources */,
				3EE856121DAB9B9000972BD8 /* tenxe.png in Resources */,
				3EE8560D1DAB9B9000972BD8 /* khoangcach.png in Resources */,
				3EA00F991DA0D615000FD90B /* call_now.png in Resources */,
				3EE8560F1DAB9B9000972BD8 /* sdt.png in Resources */,
				3EE856301DACC7DC00972BD8 /* map_selected@3x.png in Resources */,
				3E4268921DA3B38A0018B76E /* image_1@3x.png in Resources */,
				3EAD9F0F1DA27B0300B122AD /* filter.png in Resources */,
				3EE8562E1DACC7DC00972BD8 /* list_deselect@3x.png in Resources */,
				3E4268971DA3B38A0018B76E /* image_1@1x.png in Resources */,
				3E42688F1DA3B38A0018B76E /* image_1@4x.png in Resources */,
				3EE856311DACC7DC00972BD8 /* map_selected@2x.png in Resources */,
				3EE856321DACC7DC00972BD8 /* map_selected@1x.png in Resources */,
				3EE856111DAB9B9000972BD8 /* taixe.png in Resources */,
				3EAD9F011DA2753600B122AD /* car.png in Resources */,
				3EE856461DACFACB00972BD8 /* empty_data@3x.png in Resources */,
				3EAD9F071DA2753600B122AD /* background_01.png in Resources */,
				3EE8563C1DACC7DC00972BD8 /* list_selected@1x.png in Resources */,
				3E4268951DA3B38A0018B76E /* image_2@1x.png in Resources */,
				3EE8563B1DACC7DC00972BD8 /* list_selected@2x.png in Resources */,
				3E4268941DA3B38A0018B76E /* image_1@2x.png in Resources */,
				3EAD9F021DA2753600B122AD /* buttons_06.png in Resources */,
				3E42689A1DA3B38A0018B76E /* car@3x.png in Resources */,
				3EAD9F111DA27B0300B122AD /* back.png in Resources */,
				3EE8562D1DACC7DC00972BD8 /* list_deselect@4x.png in Resources */,
				3EDFC6191D9F87F700EB31B0 /* Assets.xcassets in Resources */,
				3EE856341DACC7DC00972BD8 /* map_deselect@4x.png in Resources */,
				3EE856331DACC7DC00972BD8 /* map_selected@4x.png in Resources */,
				3EE856441DACFACB00972BD8 /* empty_data@1x.png in Resources */,
				3E8AB2EB1DA9F211001267C0 /* car_small@1x.png in Resources */,
				3EAD9F081DA2753600B122AD /* buttons_02.png in Resources */,
				3E8AB2ED1DA9F211001267C0 /* car_small@3x.png in Resources */,
				3EE856101DAB9B9000972BD8 /* socho.png in Resources */,
				3EE856381DACC7DC00972BD8 /* list_deselect@2x.png in Resources */,
				3EE8563A1DACC7DC00972BD8 /* list_selected@3x.png in Resources */,
				3EE856471DACFACB00972BD8 /* empty_data@4x.png in Resources */,
				3EDFC6171D9F87F700EB31B0 /* Main.storyboard in Resources */,
				3E8AB2EE1DA9F211001267C0 /* car_small@4x.png in Resources */,
				3EE8560E1DAB9B9000972BD8 /* loaixe.png in Resources */,
				3EE856391DACC7DC00972BD8 /* list_selected@4x.png in Resources */,
				3EDFC6281D9FA18900EB31B0 /* bg_bus.png in Resources */,
				3EDFC6291D9FA18900EB31B0 /* splash.png in Resources */,
				3EAD9F031DA2753600B122AD /* buttons_05.png in Resources */,
				3E4268991DA3B38A0018B76E /* car@2x.png in Resources */,
				3EE856451DACFACB00972BD8 /* empty_data@2x.png in Resources */,
				3E4268911DA3B38A0018B76E /* image_2@4x.png in Resources */,
				3EAD9F051DA2753600B122AD /* buttons_03.png in Resources */,
				3EDFC62C1D9FA68200EB31B0 /* driver.png in Resources */,
				3E4268961DA3B38A0018B76E /* car@4x.png in Resources */,
				3EAD9F061DA2753600B122AD /* background_02.png in Resources */,
				3EAD9F0E1DA27B0300B122AD /* filter_clear.png in Resources */,
				3E4268931DA3B38A0018B76E /* image_2@2x.png in Resources */,
				3E8AB2EC1DA9F211001267C0 /* car_small@2x.png in Resources */,
				3E4268981DA3B38A0018B76E /* car@1x.png in Resources */,
				3EDFC62D1D9FA68200EB31B0 /* passenger.png in Resources */,
				3EA00FAB1DA0E064000FD90B /* ItemCell.xib in Resources */,
				3EAD9F101DA27B0300B122AD /* menu.png in Resources */,
			);
			runOnlyForDeploymentPostprocessing = 0;
		};
/* End PBXResourcesBuildPhase section */

/* Begin PBXShellScriptBuildPhase section */
		0A31692B72E2C2D17447EB41 /* [CP] Check Pods Manifest.lock */ = {
			isa = PBXShellScriptBuildPhase;
			buildActionMask = 2147483647;
			files = (
			);
			inputPaths = (
			);
			name = "[CP] Check Pods Manifest.lock";
			outputPaths = (
			);
			runOnlyForDeploymentPostprocessing = 0;
			shellPath = /bin/sh;
			shellScript = "diff \"${PODS_ROOT}/../Podfile.lock\" \"${PODS_ROOT}/Manifest.lock\" > /dev/null\nif [ $? != 0 ] ; then\n    # print error to STDERR\n    echo \"error: The sandbox is not in sync with the Podfile.lock. Run 'pod install' or update your CocoaPods installation.\" >&2\n    exit 1\nfi\n";
			showEnvVarsInLog = 0;
		};
		3F5CAEA703671C7A9FC7F08F /* [CP] Embed Pods Frameworks */ = {
			isa = PBXShellScriptBuildPhase;
			buildActionMask = 2147483647;
			files = (
			);
			inputPaths = (
			);
			name = "[CP] Embed Pods Frameworks";
			outputPaths = (
			);
			runOnlyForDeploymentPostprocessing = 0;
			shellPath = /bin/sh;
			shellScript = "\"${SRCROOT}/Pods/Target Support Files/Pods-ThueXe/Pods-ThueXe-frameworks.sh\"\n";
			showEnvVarsInLog = 0;
		};
		EAAB1DFE3D54D596BA842A64 /* [CP] Copy Pods Resources */ = {
			isa = PBXShellScriptBuildPhase;
			buildActionMask = 2147483647;
			files = (
			);
			inputPaths = (
			);
			name = "[CP] Copy Pods Resources";
			outputPaths = (
			);
			runOnlyForDeploymentPostprocessing = 0;
			shellPath = /bin/sh;
			shellScript = "\"${SRCROOT}/Pods/Target Support Files/Pods-ThueXe/Pods-ThueXe-resources.sh\"\n";
			showEnvVarsInLog = 0;
		};
/* End PBXShellScriptBuildPhase section */

/* Begin PBXSourcesBuildPhase section */
		3EDFC6051D9F87F700EB31B0 /* Sources */ = {
			isa = PBXSourcesBuildPhase;
			buildActionMask = 2147483647;
			files = (
				3EA00FA91DA0E064000FD90B /* Car.m in Sources */,
				3E42689D1DA3C0A90018B76E /* DataHelper.m in Sources */,
				3E8AB2F11DAA5F8C001267C0 /* FilterViewController.m in Sources */,
				3EDFC6111D9F87F700EB31B0 /* AppDelegate.m in Sources */,
				3EE8563F1DACD1A800972BD8 /* MapPassengerViewController.m in Sources */,
				3EDFC63D1D9FAFE300EB31B0 /* RegisterViewController.m in Sources */,
				3EA00FAA1DA0E064000FD90B /* ItemCell.m in Sources */,
				3E8AB2E61DA8CF3D001267C0 /* MapDriverViewController.m in Sources */,
				3EA00F921DA0B5CA000FD90B /* ListDataViewController.m in Sources */,
				3EDFC63E1D9FAFE300EB31B0 /* FirstViewController.m in Sources */,
				3EDFC60E1D9F87F700EB31B0 /* main.m in Sources */,
				3EE856051DAB98FC00972BD8 /* TriangleView.m in Sources */,
			);
			runOnlyForDeploymentPostprocessing = 0;
		};
/* End PBXSourcesBuildPhase section */

/* Begin PBXVariantGroup section */
		3EDFC6151D9F87F700EB31B0 /* Main.storyboard */ = {
			isa = PBXVariantGroup;
			children = (
				3EDFC6161D9F87F700EB31B0 /* Base */,
			);
			name = Main.storyboard;
			sourceTree = "<group>";
		};
		3EDFC61A1D9F87F700EB31B0 /* LaunchScreen.storyboard */ = {
			isa = PBXVariantGroup;
			children = (
				3EDFC61B1D9F87F700EB31B0 /* Base */,
			);
			name = LaunchScreen.storyboard;
			sourceTree = "<group>";
		};
/* End PBXVariantGroup section */

/* Begin XCBuildConfiguration section */
		3EDFC61E1D9F87F700EB31B0 /* Debug */ = {
			isa = XCBuildConfiguration;
			buildSettings = {
				ALWAYS_SEARCH_USER_PATHS = NO;
				CLANG_ANALYZER_NONNULL = YES;
				CLANG_CXX_LANGUAGE_STANDARD = "gnu++0x";
				CLANG_CXX_LIBRARY = "libc++";
				CLANG_ENABLE_MODULES = YES;
				CLANG_ENABLE_OBJC_ARC = YES;
				CLANG_WARN_BOOL_CONVERSION = YES;
				CLANG_WARN_CONSTANT_CONVERSION = YES;
				CLANG_WARN_DIRECT_OBJC_ISA_USAGE = YES_ERROR;
				CLANG_WARN_DOCUMENTATION_COMMENTS = YES;
				CLANG_WARN_EMPTY_BODY = YES;
				CLANG_WARN_ENUM_CONVERSION = YES;
				CLANG_WARN_INFINITE_RECURSION = YES;
				CLANG_WARN_INT_CONVERSION = YES;
				CLANG_WARN_OBJC_ROOT_CLASS = YES_ERROR;
				CLANG_WARN_SUSPICIOUS_MOVES = YES;
				CLANG_WARN_UNREACHABLE_CODE = YES;
				CLANG_WARN__DUPLICATE_METHOD_MATCH = YES;
				"CODE_SIGN_IDENTITY[sdk=iphoneos*]" = "iPhone Developer";
				COPY_PHASE_STRIP = NO;
				DEBUG_INFORMATION_FORMAT = dwarf;
				ENABLE_STRICT_OBJC_MSGSEND = YES;
				ENABLE_TESTABILITY = YES;
				GCC_C_LANGUAGE_STANDARD = gnu99;
				GCC_DYNAMIC_NO_PIC = NO;
				GCC_NO_COMMON_BLOCKS = YES;
				GCC_OPTIMIZATION_LEVEL = 0;
				GCC_PREPROCESSOR_DEFINITIONS = (
					"DEBUG=1",
					"$(inherited)",
				);
				GCC_WARN_64_TO_32_BIT_CONVERSION = YES;
				GCC_WARN_ABOUT_RETURN_TYPE = YES_ERROR;
				GCC_WARN_UNDECLARED_SELECTOR = YES;
				GCC_WARN_UNINITIALIZED_AUTOS = YES_AGGRESSIVE;
				GCC_WARN_UNUSED_FUNCTION = YES;
				GCC_WARN_UNUSED_VARIABLE = YES;
				IPHONEOS_DEPLOYMENT_TARGET = 10.0;
				MTL_ENABLE_DEBUG_INFO = YES;
				ONLY_ACTIVE_ARCH = YES;
				SDKROOT = iphoneos;
				TARGETED_DEVICE_FAMILY = "1,2";
			};
			name = Debug;
		};
		3EDFC61F1D9F87F700EB31B0 /* Release */ = {
			isa = XCBuildConfiguration;
			buildSettings = {
				ALWAYS_SEARCH_USER_PATHS = NO;
				CLANG_ANALYZER_NONNULL = YES;
				CLANG_CXX_LANGUAGE_STANDARD = "gnu++0x";
				CLANG_CXX_LIBRARY = "libc++";
				CLANG_ENABLE_MODULES = YES;
				CLANG_ENABLE_OBJC_ARC = YES;
				CLANG_WARN_BOOL_CONVERSION = YES;
				CLANG_WARN_CONSTANT_CONVERSION = YES;
				CLANG_WARN_DIRECT_OBJC_ISA_USAGE = YES_ERROR;
				CLANG_WARN_DOCUMENTATION_COMMENTS = YES;
				CLANG_WARN_EMPTY_BODY = YES;
				CLANG_WARN_ENUM_CONVERSION = YES;
				CLANG_WARN_INFINITE_RECURSION = YES;
				CLANG_WARN_INT_CONVERSION = YES;
				CLANG_WARN_OBJC_ROOT_CLASS = YES_ERROR;
				CLANG_WARN_SUSPICIOUS_MOVES = YES;
				CLANG_WARN_UNREACHABLE_CODE = YES;
				CLANG_WARN__DUPLICATE_METHOD_MATCH = YES;
				"CODE_SIGN_IDENTITY[sdk=iphoneos*]" = "iPhone Developer";
				COPY_PHASE_STRIP = NO;
				DEBUG_INFORMATION_FORMAT = "dwarf-with-dsym";
				ENABLE_NS_ASSERTIONS = NO;
				ENABLE_STRICT_OBJC_MSGSEND = YES;
				GCC_C_LANGUAGE_STANDARD = gnu99;
				GCC_NO_COMMON_BLOCKS = YES;
				GCC_WARN_64_TO_32_BIT_CONVERSION = YES;
				GCC_WARN_ABOUT_RETURN_TYPE = YES_ERROR;
				GCC_WARN_UNDECLARED_SELECTOR = YES;
				GCC_WARN_UNINITIALIZED_AUTOS = YES_AGGRESSIVE;
				GCC_WARN_UNUSED_FUNCTION = YES;
				GCC_WARN_UNUSED_VARIABLE = YES;
				IPHONEOS_DEPLOYMENT_TARGET = 10.0;
				MTL_ENABLE_DEBUG_INFO = NO;
				SDKROOT = iphoneos;
				TARGETED_DEVICE_FAMILY = "1,2";
				VALIDATE_PRODUCT = YES;
			};
			name = Release;
		};
		3EDFC6211D9F87F700EB31B0 /* Debug */ = {
			isa = XCBuildConfiguration;
			baseConfigurationReference = 644576E57A9C96004176A891 /* Pods-ThueXe.debug.xcconfig */;
			buildSettings = {
				ASSETCATALOG_COMPILER_APPICON_NAME = AppIcon;
				CODE_SIGN_ENTITLEMENTS = ThueXe/ThueXe.entitlements;
				DEVELOPMENT_TEAM = 64SBBCGGFS;
				INFOPLIST_FILE = ThueXe/Info.plist;
				IPHONEOS_DEPLOYMENT_TARGET = 8.0;
				LD_RUNPATH_SEARCH_PATHS = "$(inherited) @executable_path/Frameworks";
				PRODUCT_BUNDLE_IDENTIFIER = com.ThueXe;
				PRODUCT_NAME = "$(TARGET_NAME)";
				TARGETED_DEVICE_FAMILY = "1,2";
			};
			name = Debug;
		};
		3EDFC6221D9F87F700EB31B0 /* Release */ = {
			isa = XCBuildConfiguration;
			baseConfigurationReference = C8549B10B26532481AB5872F /* Pods-ThueXe.release.xcconfig */;
			buildSettings = {
				ASSETCATALOG_COMPILER_APPICON_NAME = AppIcon;
				CODE_SIGN_ENTITLEMENTS = ThueXe/ThueXe.entitlements;
				DEVELOPMENT_TEAM = 64SBBCGGFS;
				INFOPLIST_FILE = ThueXe/Info.plist;
				IPHONEOS_DEPLOYMENT_TARGET = 8.0;
				LD_RUNPATH_SEARCH_PATHS = "$(inherited) @executable_path/Frameworks";
				PRODUCT_BUNDLE_IDENTIFIER = com.ThueXe;
				PRODUCT_NAME = "$(TARGET_NAME)";
				TARGETED_DEVICE_FAMILY = "1,2";
			};
			name = Release;
		};
/* End XCBuildConfiguration section */

/* Begin XCConfigurationList section */
		3EDFC6041D9F87F700EB31B0 /* Build configuration list for PBXProject "ThueXe" */ = {
			isa = XCConfigurationList;
			buildConfigurations = (
				3EDFC61E1D9F87F700EB31B0 /* Debug */,
				3EDFC61F1D9F87F700EB31B0 /* Release */,
			);
			defaultConfigurationIsVisible = 0;
			defaultConfigurationName = Release;
		};
		3EDFC6201D9F87F700EB31B0 /* Build configuration list for PBXNativeTarget "ThueXe" */ = {
			isa = XCConfigurationList;
			buildConfigurations = (
				3EDFC6211D9F87F700EB31B0 /* Debug */,
				3EDFC6221D9F87F700EB31B0 /* Release */,
			);
			defaultConfigurationIsVisible = 0;
			defaultConfigurationName = Release;
		};
/* End XCConfigurationList section */
	};
	rootObject = 3EDFC6011D9F87F700EB31B0 /* Project object */;
}
